
Microsoft Visual Studio Solution File, Format Version 12.00
# Visual Studio Version 17
VisualStudioVersion = 17.13.35828.75 d17.13
MinimumVisualStudioVersion = 10.0.40219.1
Project("{FAE04EC0-301F-11D3-BF4B-00C04F79EFBC}") = "social-media-tool-backend", "social-media-tool-backend\social-media-tool-backend.csproj", "{7F2E36F5-333C-4036-B52E-B2A2ADB9F3A4}"
EndProject
Global
	GlobalSection(SolutionConfigurationPlatforms) = preSolution
		Debug|Any CPU = Debug|Any CPU
		Release|Any CPU = Release|Any CPU
	EndGlobalSection
	GlobalSection(ProjectConfigurationPlatforms) = postSolution
		{7F2E36F5-333C-4036-B52E-B2A2ADB9F3A4}.Debug|Any CPU.ActiveCfg = Debug|Any CPU
		{7F2E36F5-333C-4036-B52E-B2A2ADB9F3A4}.Debug|Any CPU.Build.0 = Debug|Any CPU
		{7F2E36F5-333C-4036-B52E-B2A2ADB9F3A4}.Release|Any CPU.ActiveCfg = Release|Any CPU
		{7F2E36F5-333C-4036-B52E-B2A2ADB9F3A4}.Release|Any CPU.Build.0 = Release|Any CPU
	EndGlobalSection
	GlobalSection(SolutionProperties) = preSolution
		HideSolutionNode = FALSE
	EndGlobalSection
	GlobalSection(ExtensibilityGlobals) = postSolution
		SolutionGuid = {0E6795DA-1B08-4B6E-9938-1D6164463C8F}
	EndGlobalSection
EndGlobal
